
Microsoft Visual Studio Solution File, Format Version 12.00
# Visual Studio Version 16
VisualStudioVersion = 16.0.30011.22
MinimumVisualStudioVersion = 10.0.40219.1
Project("{FAE04EC0-301F-11D3-BF4B-00C04F79EFBC}") = "AutoPinger", "Ping\AutoPinger.csproj", "{38009919-6870-4140-81D5-EB0900A92F03}"
EndProject
Global
	GlobalSection(SolutionConfigurationPlatforms) = preSolution
		Debug|Any CPU = Debug|Any CPU
		Release|Any CPU = Release|Any CPU
	EndGlobalSection
	GlobalSection(ProjectConfigurationPlatforms) = postSolution
		{38009919-6870-4140-81D5-EB0900A92F03}.Debug|Any CPU.ActiveCfg = Debug|Any CPU
		{38009919-6870-4140-81D5-EB0900A92F03}.Debug|Any CPU.Build.0 = Debug|Any CPU
		{38009919-6870-4140-81D5-EB0900A92F03}.Release|Any CPU.ActiveCfg = Release|Any CPU
		{38009919-6870-4140-81D5-EB0900A92F03}.Release|Any CPU.Build.0 = Release|Any CPU
	EndGlobalSection
	GlobalSection(SolutionProperties) = preSolution
		HideSolutionNode = FALSE
	EndGlobalSection
	GlobalSection(ExtensibilityGlobals) = postSolution
		SolutionGuid = {84C20C83-3EBC-4A97-ABEC-BD1542C7C800}
	EndGlobalSection
EndGlobal
